
Microsoft Visual Studio Solution File, Format Version 12.00
# Visual Studio Version 17
VisualStudioVersion = 17.5.33530.505
MinimumVisualStudioVersion = 10.0.40219.1
Project("{54A90642-561A-4BB1-A94E-469ADEE60C69}") = "reactapp", "reactapp\reactapp.esproj", "{A82F229E-CE27-462B-9D05-E849E4CEB0B6}"
EndProject
Project("{9A19103F-16F7-4668-BE54-9A1E7A4F7556}") = "webapi", "webapi\webapi.csproj", "{DB147724-270E-4C6B-BFD7-DC3294FFE016}"
EndProject
Global
	GlobalSection(SolutionConfigurationPlatforms) = preSolution
		Debug|Any CPU = Debug|Any CPU
		Release|Any CPU = Release|Any CPU
	EndGlobalSection
	GlobalSection(ProjectConfigurationPlatforms) = postSolution
		{A82F229E-CE27-462B-9D05-E849E4CEB0B6}.Debug|Any CPU.ActiveCfg = Debug|Any CPU
		{A82F229E-CE27-462B-9D05-E849E4CEB0B6}.Debug|Any CPU.Build.0 = Debug|Any CPU
		{A82F229E-CE27-462B-9D05-E849E4CEB0B6}.Debug|Any CPU.Deploy.0 = Debug|Any CPU
		{A82F229E-CE27-462B-9D05-E849E4CEB0B6}.Release|Any CPU.ActiveCfg = Release|Any CPU
		{A82F229E-CE27-462B-9D05-E849E4CEB0B6}.Release|Any CPU.Build.0 = Release|Any CPU
		{A82F229E-CE27-462B-9D05-E849E4CEB0B6}.Release|Any CPU.Deploy.0 = Release|Any CPU
		{DB147724-270E-4C6B-BFD7-DC3294FFE016}.Debug|Any CPU.ActiveCfg = Debug|Any CPU
		{DB147724-270E-4C6B-BFD7-DC3294FFE016}.Debug|Any CPU.Build.0 = Debug|Any CPU
		{DB147724-270E-4C6B-BFD7-DC3294FFE016}.Release|Any CPU.ActiveCfg = Release|Any CPU
		{DB147724-270E-4C6B-BFD7-DC3294FFE016}.Release|Any CPU.Build.0 = Release|Any CPU
	EndGlobalSection
	GlobalSection(SolutionProperties) = preSolution
		HideSolutionNode = FALSE
	EndGlobalSection
	GlobalSection(ExtensibilityGlobals) = postSolution
		SolutionGuid = {0B71EEEF-0209-4AB3-B49C-85C15C1B9A79}
	EndGlobalSection
EndGlobal
